Microsoft Visual Studio Solution File, Format Version 12.00
# Visual Studio Version 17
VisualStudioVersion = 17.5.2.0
MinimumVisualStudioVersion = 10.0.40219.1
Project("{FAE04EC0-301F-11D3-BF4B-00C04F79EFBC}") = "Book_Review_Store", "Book_Review_Store.csproj", "{48FCC938-17A9-0DE0-F774-CB96462CFA1B}"
EndProject
Global
	GlobalSection(SolutionConfigurationPlatforms) = preSolution
		Debug|Any CPU = Debug|Any CPU
		Release|Any CPU = Release|Any CPU
	EndGlobalSection
	GlobalSection(ProjectConfigurationPlatforms) = postSolution
		{48FCC938-17A9-0DE0-F774-CB96462CFA1B}.Debug|Any CPU.ActiveCfg = Debug|Any CPU
		{48FCC938-17A9-0DE0-F774-CB96462CFA1B}.Debug|Any CPU.Build.0 = Debug|Any CPU
		{48FCC938-17A9-0DE0-F774-CB96462CFA1B}.Release|Any CPU.ActiveCfg = Release|Any CPU
		{48FCC938-17A9-0DE0-F774-CB96462CFA1B}.Release|Any CPU.Build.0 = Release|Any CPU
	EndGlobalSection
	GlobalSection(SolutionProperties) = preSolution
		HideSolutionNode = FALSE
	EndGlobalSection
	GlobalSection(ExtensibilityGlobals) = postSolution
		SolutionGuid = {2415EF0B-512B-4EF8-B616-4FC9C417F561}
	EndGlobalSection
EndGlobal
